// !$*UTF8*$!
{
	archiveVersion = 1;
	classes = {
	};
	objectVersion = 50;
	objects = {

/* Begin PBXBuildFile section */
		1E0315AF24C17CDF003C632D /* Constants.swift in Sources */ = {isa = PBXBuildFile; fileRef = 1E0315AE24C17CDF003C632D /* Constants.swift */; };
		1E15AC5E24AD8D1D00623E98 /* ElegantListView.swift in Sources */ = {isa = PBXBuildFile; fileRef = 1E15AC4624AD8D1D00623E98 /* ElegantListView.swift */; };
		1E15AC5F24AD8D1D00623E98 /* ElegantListController.swift in Sources */ = {isa = PBXBuildFile; fileRef = 1E15AC4724AD8D1D00623E98 /* ElegantListController.swift */; };
		1E15AC6024AD8D1D00623E98 /* ElegantHList.swift in Sources */ = {isa = PBXBuildFile; fileRef = 1E15AC4924AD8D1D00623E98 /* ElegantHList.swift */; };
		1E15AC6124AD8D1D00623E98 /* ElegantVList.swift in Sources */ = {isa = PBXBuildFile; fileRef = 1E15AC4A24AD8D1D00623E98 /* ElegantVList.swift */; };
		1E15AC6224AD8D1D00623E98 /* PageState.swift in Sources */ = {isa = PBXBuildFile; fileRef = 1E15AC4D24AD8D1D00623E98 /* PageState.swift */; };
		1E15AC6324AD8D1D00623E98 /* ScrollDirection.swift in Sources */ = {isa = PBXBuildFile; fileRef = 1E15AC4E24AD8D1D00623E98 /* ScrollDirection.swift */; };
		1E15AC6424AD8D1D00623E98 /* PageViewBuilder.swift in Sources */ = {isa = PBXBuildFile; fileRef = 1E15AC5024AD8D1D00623E98 /* PageViewBuilder.swift */; };
		1E15AC6524AD8D1D00623E98 /* ElegantPagesManager.swift in Sources */ = {isa = PBXBuildFile; fileRef = 1E15AC5124AD8D1D00623E98 /* ElegantPagesManager.swift */; };
		1E15AC6724AD8D1D00623E98 /* PageTurnType.swift in Sources */ = {isa = PBXBuildFile; fileRef = 1E15AC5324AD8D1D00623E98 /* PageTurnType.swift */; };
		1E15AC6824AD8D1D00623E98 /* ElegantListManager.swift in Sources */ = {isa = PBXBuildFile; fileRef = 1E15AC5424AD8D1D00623E98 /* ElegantListManager.swift */; };
		1E15AC6924AD8D1D00623E98 /* View+Erased.swift in Sources */ = {isa = PBXBuildFile; fileRef = 1E15AC5624AD8D1D00623E98 /* View+Erased.swift */; };
		1E15AC6A24AD8D1D00623E98 /* Comparable+Clamped.swift in Sources */ = {isa = PBXBuildFile; fileRef = 1E15AC5724AD8D1D00623E98 /* Comparable+Clamped.swift */; };
		1E15AC6B24AD8D1D00623E98 /* ElegantPagesView.swift in Sources */ = {isa = PBXBuildFile; fileRef = 1E15AC5A24AD8D1D00623E98 /* ElegantPagesView.swift */; };
		1E15AC6C24AD8D1D00623E98 /* ElegantVPages.swift in Sources */ = {isa = PBXBuildFile; fileRef = 1E15AC5C24AD8D1D00623E98 /* ElegantVPages.swift */; };
		1E15AC6D24AD8D1D00623E98 /* ElegantHPages.swift in Sources */ = {isa = PBXBuildFile; fileRef = 1E15AC5D24AD8D1D00623E98 /* ElegantHPages.swift */; };
		1E6DA72024A3245300001565 /* AppDelegate.swift in Sources */ = {isa = PBXBuildFile; fileRef = 1E6DA71F24A3245300001565 /* AppDelegate.swift */; };
		1E6DA72224A3245300001565 /* SceneDelegate.swift in Sources */ = {isa = PBXBuildFile; fileRef = 1E6DA72124A3245300001565 /* SceneDelegate.swift */; };
		1E6DA72424A3245300001565 /* ContentView.swift in Sources */ = {isa = PBXBuildFile; fileRef = 1E6DA72324A3245300001565 /* ContentView.swift */; };
		1E6DA72624A3245400001565 /* Assets.xcassets in Resources */ = {isa = PBXBuildFile; fileRef = 1E6DA72524A3245400001565 /* Assets.xcassets */; };
		1E6DA72924A3245400001565 /* Preview Assets.xcassets in Resources */ = {isa = PBXBuildFile; fileRef = 1E6DA72824A3245400001565 /* Preview Assets.xcassets */; };
		1E6DA72C24A3245400001565 /* LaunchScreen.storyboard in Resources */ = {isa = PBXBuildFile; fileRef = 1E6DA72A24A3245400001565 /* LaunchScreen.storyboard */; };
		1E6DA75A24A3256700001565 /* ElegantHListExample.swift in Sources */ = {isa = PBXBuildFile; fileRef = 1E6DA75924A3256700001565 /* ElegantHListExample.swift */; };
		1E6DA75E24A32EFD00001565 /* ElegantVListExample.swift in Sources */ = {isa = PBXBuildFile; fileRef = 1E6DA75D24A32EFD00001565 /* ElegantVListExample.swift */; };
		1E6DA76024A32F1B00001565 /* ScrollToPageButton.swift in Sources */ = {isa = PBXBuildFile; fileRef = 1E6DA75F24A32F1B00001565 /* ScrollToPageButton.swift */; };
		1E6DA76224A32FCE00001565 /* ElegantHPagesExample.swift in Sources */ = {isa = PBXBuildFile; fileRef = 1E6DA76124A32FCE00001565 /* ElegantHPagesExample.swift */; };
		1E6DA76424A3307700001565 /* CustomViews.swift in Sources */ = {isa = PBXBuildFile; fileRef = 1E6DA76324A3307700001565 /* CustomViews.swift */; };
		1E6DA76624A3319900001565 /* ElegantVPagesExample.swift in Sources */ = {isa = PBXBuildFile; fileRef = 1E6DA76524A3319900001565 /* ElegantVPagesExample.swift */; };
/* End PBXBuildFile section */

/* Begin PBXFileReference section */
		1E0315AE24C17CDF003C632D /* Constants.swift */ = {isa = PBXFileReference; lastKnownFileType = sourcecode.swift; path = Constants.swift; sourceTree = "<group>"; };
		1E15AC4624AD8D1D00623E98 /* ElegantListView.swift */ = {isa = PBXFileReference; fileEncoding = 4; lastKnownFileType = sourcecode.swift; path = ElegantListView.swift; sourceTree = "<group>"; };
		1E15AC4724AD8D1D00623E98 /* ElegantListController.swift */ = {isa = PBXFileReference; fileEncoding = 4; lastKnownFileType = sourcecode.swift; path = ElegantListController.swift; sourceTree = "<group>"; };
		1E15AC4924AD8D1D00623E98 /* ElegantHList.swift */ = {isa = PBXFileReference; fileEncoding = 4; lastKnownFileType = sourcecode.swift; path = ElegantHList.swift; sourceTree = "<group>"; };
		1E15AC4A24AD8D1D00623E98 /* ElegantVList.swift */ = {isa = PBXFileReference; fileEncoding = 4; lastKnownFileType = sourcecode.swift; path = ElegantVList.swift; sourceTree = "<group>"; };
		1E15AC4D24AD8D1D00623E98 /* PageState.swift */ = {isa = PBXFileReference; fileEncoding = 4; lastKnownFileType = sourcecode.swift; path = PageState.swift; sourceTree = "<group>"; };
		1E15AC4E24AD8D1D00623E98 /* ScrollDirection.swift */ = {isa = PBXFileReference; fileEncoding = 4; lastKnownFileType = sourcecode.swift; path = ScrollDirection.swift; sourceTree = "<group>"; };
		1E15AC5024AD8D1D00623E98 /* PageViewBuilder.swift */ = {isa = PBXFileReference; fileEncoding = 4; lastKnownFileType = sourcecode.swift; path = PageViewBuilder.swift; sourceTree = "<group>"; };
		1E15AC5124AD8D1D00623E98 /* ElegantPagesManager.swift */ = {isa = PBXFileReference; fileEncoding = 4; lastKnownFileType = sourcecode.swift; path = ElegantPagesManager.swift; sourceTree = "<group>"; };
		1E15AC5324AD8D1D00623E98 /* PageTurnType.swift */ = {isa = PBXFileReference; fileEncoding = 4; lastKnownFileType = sourcecode.swift; path = PageTurnType.swift; sourceTree = "<group>"; };
		1E15AC5424AD8D1D00623E98 /* ElegantListManager.swift */ = {isa = PBXFileReference; fileEncoding = 4; lastKnownFileType = sourcecode.swift; path = ElegantListManager.swift; sourceTree = "<group>"; };
		1E15AC5624AD8D1D00623E98 /* View+Erased.swift */ = {isa = PBXFileReference; fileEncoding = 4; lastKnownFileType = sourcecode.swift; path = "View+Erased.swift"; sourceTree = "<group>"; };
		1E15AC5724AD8D1D00623E98 /* Comparable+Clamped.swift */ = {isa = PBXFileReference; fileEncoding = 4; lastKnownFileType = sourcecode.swift; path = "Comparable+Clamped.swift"; sourceTree = "<group>"; };
		1E15AC5A24AD8D1D00623E98 /* ElegantPagesView.swift */ = {isa = PBXFileReference; fileEncoding = 4; lastKnownFileType = sourcecode.swift; path = ElegantPagesView.swift; sourceTree = "<group>"; };
		1E15AC5C24AD8D1D00623E98 /* ElegantVPages.swift */ = {isa = PBXFileReference; fileEncoding = 4; lastKnownFileType = sourcecode.swift; path = ElegantVPages.swift; sourceTree = "<group>"; };
		1E15AC5D24AD8D1D00623E98 /* ElegantHPages.swift */ = {isa = PBXFileReference; fileEncoding = 4; lastKnownFileType = sourcecode.swift; path = ElegantHPages.swift; sourceTree = "<group>"; };
		1E6DA71C24A3245300001565 /* Example.app */ = {isa = PBXFileReference; explicitFileType = wrapper.application; includeInIndex = 0; path = Example.app; sourceTree = BUILT_PRODUCTS_DIR; };
		1E6DA71F24A3245300001565 /* AppDelegate.swift */ = {isa = PBXFileReference; lastKnownFileType = sourcecode.swift; path = AppDelegate.swift; sourceTree = "<group>"; };
		1E6DA72124A3245300001565 /* SceneDelegate.swift */ = {isa = PBXFileReference; lastKnownFileType = sourcecode.swift; path = SceneDelegate.swift; sourceTree = "<group>"; };
		1E6DA72324A3245300001565 /* ContentView.swift */ = {isa = PBXFileReference; lastKnownFileType = sourcecode.swift; path = ContentView.swift; sourceTree = "<group>"; };
		1E6DA72524A3245400001565 /* Assets.xcassets */ = {isa = PBXFileReference; lastKnownFileType = folder.assetcatalog; path = Assets.xcassets; sourceTree = "<group>"; };
		1E6DA72824A3245400001565 /* Preview Assets.xcassets */ = {isa = PBXFileReference; lastKnownFileType = folder.assetcatalog; path = "Preview Assets.xcassets"; sourceTree = "<group>"; };
		1E6DA72B24A3245400001565 /* Base */ = {isa = PBXFileReference; lastKnownFileType = file.storyboard; name = Base; path = Base.lproj/LaunchScreen.storyboard; sourceTree = "<group>"; };
		1E6DA72D24A3245400001565 /* Info.plist */ = {isa = PBXFileReference; lastKnownFileType = text.plist.xml; path = Info.plist; sourceTree = "<group>"; };
		1E6DA75924A3256700001565 /* ElegantHListExample.swift */ = {isa = PBXFileReference; lastKnownFileType = sourcecode.swift; path = ElegantHListExample.swift; sourceTree = "<group>"; };
		1E6DA75D24A32EFD00001565 /* ElegantVListExample.swift */ = {isa = PBXFileReference; lastKnownFileType = sourcecode.swift; path = ElegantVListExample.swift; sourceTree = "<group>"; };
		1E6DA75F24A32F1B00001565 /* ScrollToPageButton.swift */ = {isa = PBXFileReference; lastKnownFileType = sourcecode.swift; path = ScrollToPageButton.swift; sourceTree = "<group>"; };
		1E6DA76124A32FCE00001565 /* ElegantHPagesExample.swift */ = {isa = PBXFileReference; lastKnownFileType = sourcecode.swift; path = ElegantHPagesExample.swift; sourceTree = "<group>"; };
		1E6DA76324A3307700001565 /* CustomViews.swift */ = {isa = PBXFileReference; lastKnownFileType = sourcecode.swift; path = CustomViews.swift; sourceTree = "<group>"; };
		1E6DA76524A3319900001565 /* ElegantVPagesExample.swift */ = {isa = PBXFileReference; lastKnownFileType = sourcecode.swift; path = ElegantVPagesExample.swift; sourceTree = "<group>"; };
/* End PBXFileReference section */

/* Begin PBXFrameworksBuildPhase section */
		1E6DA71924A3245300001565 /* Frameworks */ = {
			isa = PBXFrameworksBuildPhase;
			buildActionMask = 2147483647;
			files = (
			);
			runOnlyForDeploymentPostprocessing = 0;
		};
/* End PBXFrameworksBuildPhase section */

/* Begin PBXGroup section */
		1E15AC4324AD8D1D00623E98 /* ElegantPages */ = {
			isa = PBXGroup;
			children = (
				1E15AC4424AD8D1D00623E98 /* Lists */,
				1E15AC4B24AD8D1D00623E98 /* Models */,
				1E15AC5524AD8D1D00623E98 /* Extensions */,
				1E15AC5824AD8D1D00623E98 /* Pages */,
			);
			name = ElegantPages;
			path = ../../Sources/ElegantPages;
			sourceTree = "<group>";
		};
		1E15AC4424AD8D1D00623E98 /* Lists */ = {
			isa = PBXGroup;
			children = (
				1E15AC4524AD8D1D00623E98 /* Internal */,
				1E15AC4824AD8D1D00623E98 /* Public */,
			);
			path = Lists;
			sourceTree = "<group>";
		};
		1E15AC4524AD8D1D00623E98 /* Internal */ = {
			isa = PBXGroup;
			children = (
				1E15AC4724AD8D1D00623E98 /* ElegantListController.swift */,
				1E15AC4624AD8D1D00623E98 /* ElegantListView.swift */,
			);
			path = Internal;
			sourceTree = "<group>";
		};
		1E15AC4824AD8D1D00623E98 /* Public */ = {
			isa = PBXGroup;
			children = (
				1E15AC4924AD8D1D00623E98 /* ElegantHList.swift */,
				1E15AC4A24AD8D1D00623E98 /* ElegantVList.swift */,
			);
			path = Public;
			sourceTree = "<group>";
		};
		1E15AC4B24AD8D1D00623E98 /* Models */ = {
			isa = PBXGroup;
			children = (
				1E15AC4C24AD8D1D00623E98 /* Internal */,
				1E15AC4F24AD8D1D00623E98 /* Public */,
			);
			path = Models;
			sourceTree = "<group>";
		};
		1E15AC4C24AD8D1D00623E98 /* Internal */ = {
			isa = PBXGroup;
			children = (
				1E0315AE24C17CDF003C632D /* Constants.swift */,
				1E15AC4D24AD8D1D00623E98 /* PageState.swift */,
				1E15AC4E24AD8D1D00623E98 /* ScrollDirection.swift */,
			);
			path = Internal;
			sourceTree = "<group>";
		};
		1E15AC4F24AD8D1D00623E98 /* Public */ = {
			isa = PBXGroup;
			children = (
				1E15AC5424AD8D1D00623E98 /* ElegantListManager.swift */,
				1E15AC5124AD8D1D00623E98 /* ElegantPagesManager.swift */,
				1E15AC5324AD8D1D00623E98 /* PageTurnType.swift */,
				1E15AC5024AD8D1D00623E98 /* PageViewBuilder.swift */,
			);
			path = Public;
			sourceTree = "<group>";
		};
		1E15AC5524AD8D1D00623E98 /* Extensions */ = {
			isa = PBXGroup;
			children = (
				1E15AC5724AD8D1D00623E98 /* Comparable+Clamped.swift */,
				1E15AC5624AD8D1D00623E98 /* View+Erased.swift */,
			);
			path = Extensions;
			sourceTree = "<group>";
		};
		1E15AC5824AD8D1D00623E98 /* Pages */ = {
			isa = PBXGroup;
			children = (
				1E15AC5924AD8D1D00623E98 /* Internal */,
				1E15AC5B24AD8D1D00623E98 /* Public */,
			);
			path = Pages;
			sourceTree = "<group>";
		};
		1E15AC5924AD8D1D00623E98 /* Internal */ = {
			isa = PBXGroup;
			children = (
				1E15AC5A24AD8D1D00623E98 /* ElegantPagesView.swift */,
			);
			path = Internal;
			sourceTree = "<group>";
		};
		1E15AC5B24AD8D1D00623E98 /* Public */ = {
			isa = PBXGroup;
			children = (
				1E15AC5D24AD8D1D00623E98 /* ElegantHPages.swift */,
				1E15AC5C24AD8D1D00623E98 /* ElegantVPages.swift */,
			);
			path = Public;
			sourceTree = "<group>";
		};
		1E6DA71324A3245300001565 = {
			isa = PBXGroup;
			children = (
				1E6DA71E24A3245300001565 /* Example */,
				1E6DA71D24A3245300001565 /* Products */,
			);
			sourceTree = "<group>";
		};
		1E6DA71D24A3245300001565 /* Products */ = {
			isa = PBXGroup;
			children = (
				1E6DA71C24A3245300001565 /* Example.app */,
			);
			name = Products;
			sourceTree = "<group>";
		};
		1E6DA71E24A3245300001565 /* Example */ = {
			isa = PBXGroup;
			children = (
				1E6DA75824A3255300001565 /* Example Views */,
				1E6DA71F24A3245300001565 /* AppDelegate.swift */,
				1E6DA72124A3245300001565 /* SceneDelegate.swift */,
				1E6DA72324A3245300001565 /* ContentView.swift */,
				1E15AC4324AD8D1D00623E98 /* ElegantPages */,
				1E6DA72524A3245400001565 /* Assets.xcassets */,
				1E6DA72A24A3245400001565 /* LaunchScreen.storyboard */,
				1E6DA72D24A3245400001565 /* Info.plist */,
				1E6DA72724A3245400001565 /* Preview Content */,
			);
			path = Example;
			sourceTree = "<group>";
		};
		1E6DA72724A3245400001565 /* Preview Content */ = {
			isa = PBXGroup;
			children = (
				1E6DA72824A3245400001565 /* Preview Assets.xcassets */,
			);
			path = "Preview Content";
			sourceTree = "<group>";
		};
		1E6DA75824A3255300001565 /* Example Views */ = {
			isa = PBXGroup;
			children = (
				1E6DA75924A3256700001565 /* ElegantHListExample.swift */,
				1E6DA75D24A32EFD00001565 /* ElegantVListExample.swift */,
				1E6DA76124A32FCE00001565 /* ElegantHPagesExample.swift */,
				1E6DA76524A3319900001565 /* ElegantVPagesExample.swift */,
				1E6DA75F24A32F1B00001565 /* ScrollToPageButton.swift */,
				1E6DA76324A3307700001565 /* CustomViews.swift */,
			);
			path = "Example Views";
			sourceTree = "<group>";
		};
/* End PBXGroup section */

/* Begin PBXNativeTarget section */
		1E6DA71B24A3245300001565 /* Example */ = {
			isa = PBXNativeTarget;
			buildConfigurationList = 1E6DA73024A3245400001565 /* Build configuration list for PBXNativeTarget "Example" */;
			buildPhases = (
				1E6DA71824A3245300001565 /* Sources */,
				1E6DA71924A3245300001565 /* Frameworks */,
				1E6DA71A24A3245300001565 /* Resources */,
			);
			buildRules = (
			);
			dependencies = (
			);
			name = Example;
			productName = Example;
			productReference = 1E6DA71C24A3245300001565 /* Example.app */;
			productType = "com.apple.product-type.application";
		};
/* End PBXNativeTarget section */

/* Begin PBXProject section */
		1E6DA71424A3245300001565 /* Project object */ = {
			isa = PBXProject;
			attributes = {
				LastSwiftUpdateCheck = 1150;
				LastUpgradeCheck = 1150;
				ORGANIZATIONNAME = "Kevin Li";
				TargetAttributes = {
					1E6DA71B24A3245300001565 = {
						CreatedOnToolsVersion = 11.5;
					};
				};
			};
			buildConfigurationList = 1E6DA71724A3245300001565 /* Build configuration list for PBXProject "Example" */;
			compatibilityVersion = "Xcode 9.3";
			developmentRegion = en;
			hasScannedForEncodings = 0;
			knownRegions = (
				en,
				Base,
			);
			mainGroup = 1E6DA71324A3245300001565;
			productRefGroup = 1E6DA71D24A3245300001565 /* Products */;
			projectDirPath = "";
			projectRoot = "";
			targets = (
				1E6DA71B24A3245300001565 /* Example */,
			);
		};
/* End PBXProject section */

/* Begin PBXResourcesBuildPhase section */
		1E6DA71A24A3245300001565 /* Resources */ = {
			isa = PBXResourcesBuildPhase;
			buildActionMask = 2147483647;
			files = (
				1E6DA72C24A3245400001565 /* LaunchScreen.storyboard in Resources */,
				1E6DA72924A3245400001565 /* Preview Assets.xcassets in Resources */,
				1E6DA72624A3245400001565 /* Assets.xcassets in Resources */,
			);
			runOnlyForDeploymentPostprocessing = 0;
		};
/* End PBXResourcesBuildPhase section */

/* Begin PBXSourcesBuildPhase section */
		1E6DA71824A3245300001565 /* Sources */ = {
			isa = PBXSourcesBuildPhase;
			buildActionMask = 2147483647;
			files = (
				1E6DA72024A3245300001565 /* AppDelegate.swift in Sources */,
				1E15AC5F24AD8D1D00623E98 /* ElegantListController.swift in Sources */,
				1E15AC6B24AD8D1D00623E98 /* ElegantPagesView.swift in Sources */,
				1E6DA76224A32FCE00001565 /* ElegantHPagesExample.swift in Sources */,
				1E15AC6C24AD8D1D00623E98 /* ElegantVPages.swift in Sources */,
				1E6DA75A24A3256700001565 /* ElegantHListExample.swift in Sources */,
				1E6DA72224A3245300001565 /* SceneDelegate.swift in Sources */,
				1E0315AF24C17CDF003C632D /* Constants.swift in Sources */,
				1E6DA75E24A32EFD00001565 /* ElegantVListExample.swift in Sources */,
				1E15AC6924AD8D1D00623E98 /* View+Erased.swift in Sources */,
				1E15AC6124AD8D1D00623E98 /* ElegantVList.swift in Sources */,
				1E6DA72424A3245300001565 /* ContentView.swift in Sources */,
				1E15AC6D24AD8D1D00623E98 /* ElegantHPages.swift in Sources */,
				1E6DA76624A3319900001565 /* ElegantVPagesExample.swift in Sources */,
				1E6DA76024A32F1B00001565 /* ScrollToPageButton.swift in Sources */,
				1E15AC6024AD8D1D00623E98 /* ElegantHList.swift in Sources */,
				1E15AC6524AD8D1D00623E98 /* ElegantPagesManager.swift in Sources */,
				1E6DA76424A3307700001565 /* CustomViews.swift in Sources */,
				1E15AC6224AD8D1D00623E98 /* PageState.swift in Sources */,
				1E15AC6824AD8D1D00623E98 /* ElegantListManager.swift in Sources */,
				1E15AC5E24AD8D1D00623E98 /* ElegantListView.swift in Sources */,
				1E15AC6324AD8D1D00623E98 /* ScrollDirection.swift in Sources */,
				1E15AC6A24AD8D1D00623E98 /* Comparable+Clamped.swift in Sources */,
				1E15AC6724AD8D1D00623E98 /* PageTurnType.swift in Sources */,
				1E15AC6424AD8D1D00623E98 /* PageViewBuilder.swift in Sources */,
			);
			runOnlyForDeploymentPostprocessing = 0;
		};
/* End PBXSourcesBuildPhase section */

/* Begin PBXVariantGroup section */
		1E6DA72A24A3245400001565 /* LaunchScreen.storyboard */ = {
			isa = PBXVariantGroup;
			children = (
				1E6DA72B24A3245400001565 /* Base */,
			);
			name = LaunchScreen.storyboard;
			sourceTree = "<group>";
		};
/* End PBXVariantGroup section */

/* Begin XCBuildConfiguration section */
		1E6DA72E24A3245400001565 /* Debug */ = {
			isa = XCBuildConfiguration;
			buildSettings = {
				ALWAYS_SEARCH_USER_PATHS = NO;
				CLANG_ANALYZER_NONNULL = YES;
				CLANG_ANALYZER_NUMBER_OBJECT_CONVERSION = YES_AGGRESSIVE;
				CLANG_CXX_LANGUAGE_STANDARD = "gnu++14";
				CLANG_CXX_LIBRARY = "libc++";
				CLANG_ENABLE_MODULES = YES;
				CLANG_ENABLE_OBJC_ARC = YES;
				CLANG_ENABLE_OBJC_WEAK = YES;
				CLANG_WARN_BLOCK_CAPTURE_AUTORELEASING = YES;
				CLANG_WARN_BOOL_CONVERSION = YES;
				CLANG_WARN_COMMA = YES;
				CLANG_WARN_CONSTANT_CONVERSION = YES;
				CLANG_WARN_DEPRECATED_OBJC_IMPLEMENTATIONS = YES;
				CLANG_WARN_DIRECT_OBJC_ISA_USAGE = YES_ERROR;
				CLANG_WARN_DOCUMENTATION_COMMENTS = YES;
				CLANG_WARN_EMPTY_BODY = YES;
				CLANG_WARN_ENUM_CONVERSION = YES;
				CLANG_WARN_INFINITE_RECURSION = YES;
				CLANG_WARN_INT_CONVERSION = YES;
				CLANG_WARN_NON_LITERAL_NULL_CONVERSION = YES;
				CLANG_WARN_OBJC_IMPLICIT_RETAIN_SELF = YES;
				CLANG_WARN_OBJC_LITERAL_CONVERSION = YES;
				CLANG_WARN_OBJC_ROOT_CLASS = YES_ERROR;
				CLANG_WARN_RANGE_LOOP_ANALYSIS = YES;
				CLANG_WARN_STRICT_PROTOTYPES = YES;
				CLANG_WARN_SUSPICIOUS_MOVE = YES;
				CLANG_WARN_UNGUARDED_AVAILABILITY = YES_AGGRESSIVE;
				CLANG_WARN_UNREACHABLE_CODE = YES;
				CLANG_WARN__DUPLICATE_METHOD_MATCH = YES;
				COPY_PHASE_STRIP = NO;
				DEBUG_INFORMATION_FORMAT = dwarf;
				ENABLE_STRICT_OBJC_MSGSEND = YES;
				ENABLE_TESTABILITY = YES;
				GCC_C_LANGUAGE_STANDARD = gnu11;
				GCC_DYNAMIC_NO_PIC = NO;
				GCC_NO_COMMON_BLOCKS = YES;
				GCC_OPTIMIZATION_LEVEL = 0;
				GCC_PREPROCESSOR_DEFINITIONS = (
					"DEBUG=1",
					"$(inherited)",
				);
				GCC_WARN_64_TO_32_BIT_CONVERSION = YES;
				GCC_WARN_ABOUT_RETURN_TYPE = YES_ERROR;
				GCC_WARN_UNDECLARED_SELECTOR = YES;
				GCC_WARN_UNINITIALIZED_AUTOS = YES_AGGRESSIVE;
				GCC_WARN_UNUSED_FUNCTION = YES;
				GCC_WARN_UNUSED_VARIABLE = YES;
				IPHONEOS_DEPLOYMENT_TARGET = 13.5;
				MTL_ENABLE_DEBUG_INFO = INCLUDE_SOURCE;
				MTL_FAST_MATH = YES;
				ONLY_ACTIVE_ARCH = YES;
				SDKROOT = iphoneos;
				SWIFT_ACTIVE_COMPILATION_CONDITIONS = DEBUG;
				SWIFT_OPTIMIZATION_LEVEL = "-Onone";
			};
			name = Debug;
		};
		1E6DA72F24A3245400001565 /* Release */ = {
			isa = XCBuildConfiguration;
			buildSettings = {
				ALWAYS_SEARCH_USER_PATHS = NO;
				CLANG_ANALYZER_NONNULL = YES;
				CLANG_ANALYZER_NUMBER_OBJECT_CONVERSION = YES_AGGRESSIVE;
				CLANG_CXX_LANGUAGE_STANDARD = "gnu++14";
				CLANG_CXX_LIBRARY = "libc++";
				CLANG_ENABLE_MODULES = YES;
				CLANG_ENABLE_OBJC_ARC = YES;
				CLANG_ENABLE_OBJC_WEAK = YES;
				CLANG_WARN_BLOCK_CAPTURE_AUTORELEASING = YES;
				CLANG_WARN_BOOL_CONVERSION = YES;
				CLANG_WARN_COMMA = YES;
				CLANG_WARN_CONSTANT_CONVERSION = YES;
				CLANG_WARN_DEPRECATED_OBJC_IMPLEMENTATIONS = YES;
				CLANG_WARN_DIRECT_OBJC_ISA_USAGE = YES_ERROR;
				CLANG_WARN_DOCUMENTATION_COMMENTS = YES;
				CLANG_WARN_EMPTY_BODY = YES;
				CLANG_WARN_ENUM_CONVERSION = YES;
				CLANG_WARN_INFINITE_RECURSION = YES;
				CLANG_WARN_INT_CONVERSION = YES;
				CLANG_WARN_NON_LITERAL_NULL_CONVERSION = YES;
				CLANG_WARN_OBJC_IMPLICIT_RETAIN_SELF = YES;
				CLANG_WARN_OBJC_LITERAL_CONVERSION = YES;
				CLANG_WARN_OBJC_ROOT_CLASS = YES_ERROR;
				CLANG_WARN_RANGE_LOOP_ANALYSIS = YES;
				CLANG_WARN_STRICT_PROTOTYPES = YES;
				CLANG_WARN_SUSPICIOUS_MOVE = YES;
				CLANG_WARN_UNGUARDED_AVAILABILITY = YES_AGGRESSIVE;
				CLANG_WARN_UNREACHABLE_CODE = YES;
				CLANG_WARN__DUPLICATE_METHOD_MATCH = YES;
				COPY_PHASE_STRIP = NO;
				DEBUG_INFORMATION_FORMAT = "dwarf-with-dsym";
				ENABLE_NS_ASSERTIONS = NO;
				ENABLE_STRICT_OBJC_MSGSEND = YES;
				GCC_C_LANGUAGE_STANDARD = gnu11;
				GCC_NO_COMMON_BLOCKS = YES;
				GCC_WARN_64_TO_32_BIT_CONVERSION = YES;
				GCC_WARN_ABOUT_RETURN_TYPE = YES_ERROR;
				GCC_WARN_UNDECLARED_SELECTOR = YES;
				GCC_WARN_UNINITIALIZED_AUTOS = YES_AGGRESSIVE;
				GCC_WARN_UNUSED_FUNCTION = YES;
				GCC_WARN_UNUSED_VARIABLE = YES;
				IPHONEOS_DEPLOYMENT_TARGET = 13.5;
				MTL_ENABLE_DEBUG_INFO = NO;
				MTL_FAST_MATH = YES;
				SDKROOT = iphoneos;
				SWIFT_COMPILATION_MODE = wholemodule;
				SWIFT_OPTIMIZATION_LEVEL = "-O";
				VALIDATE_PRODUCT = YES;
			};
			name = Release;
		};
		1E6DA73124A3245400001565 /* Debug */ = {
			isa = XCBuildConfiguration;
			buildSettings = {
				ASSETCATALOG_COMPILER_APPICON_NAME = AppIcon;
				CODE_SIGN_STYLE = Automatic;
				DEVELOPMENT_ASSET_PATHS = "\"Example/Preview Content\"";
				DEVELOPMENT_TEAM = 75H2NCGMKS;
				ENABLE_PREVIEWS = YES;
				INFOPLIST_FILE = Example/Info.plist;
				IPHONEOS_DEPLOYMENT_TARGET = 13.0;
				LD_RUNPATH_SEARCH_PATHS = (
					"$(inherited)",
					"@executable_path/Frameworks",
				);
				PRODUCT_BUNDLE_IDENTIFIER = com.kevinli.Example;
				PRODUCT_NAME = "$(TARGET_NAME)";
				SWIFT_VERSION = 5.0;
				TARGETED_DEVICE_FAMILY = "1,2";
			};
			name = Debug;
		};
		1E6DA73224A3245400001565 /* Release */ = {
			isa = XCBuildConfiguration;
			buildSettings = {
				ASSETCATALOG_COMPILER_APPICON_NAME = AppIcon;
				CODE_SIGN_STYLE = Automatic;
				DEVELOPMENT_ASSET_PATHS = "\"Example/Preview Content\"";
				DEVELOPMENT_TEAM = 75H2NCGMKS;
				ENABLE_PREVIEWS = YES;
				INFOPLIST_FILE = Example/Info.plist;
				IPHONEOS_DEPLOYMENT_TARGET = 13.0;
				LD_RUNPATH_SEARCH_PATHS = (
					"$(inherited)",
					"@executable_path/Frameworks",
				);
				PRODUCT_BUNDLE_IDENTIFIER = com.kevinli.Example;
				PRODUCT_NAME = "$(TARGET_NAME)";
				SWIFT_VERSION = 5.0;
				TARGETED_DEVICE_FAMILY = "1,2";
			};
			name = Release;
		};
/* End XCBuildConfiguration section */

/* Begin XCConfigurationList section */
		1E6DA71724A3245300001565 /* Build configuration list for PBXProject "Example" */ = {
			isa = XCConfigurationList;
			buildConfigurations = (
				1E6DA72E24A3245400001565 /* Debug */,
				1E6DA72F24A3245400001565 /* Release */,
			);
			defaultConfigurationIsVisible = 0;
			defaultConfigurationName = Release;
		};
		1E6DA73024A3245400001565 /* Build configuration list for PBXNativeTarget "Example" */ = {
			isa = XCConfigurationList;
			buildConfigurations = (
				1E6DA73124A3245400001565 /* Debug */,
				1E6DA73224A3245400001565 /* Release */,
			);
			defaultConfigurationIsVisible = 0;
			defaultConfigurationName = Release;
		};
/* End XCConfigurationList section */
	};
	rootObject = 1E6DA71424A3245300001565 /* Project object */;
}
